
Microsoft Visual Studio Solution File, Format Version 12.00
# Visual Studio Version 17
VisualStudioVersion = 17.1.32210.238
MinimumVisualStudioVersion = 10.0.40219.1
Project("{8BC9CEB8-8B4A-11D0-8D11-00A0C91BC942}") = "11st", "11st\11st.vcxproj", "{86D3356E-E210-4781-A2BB-38FD8B073894}"
EndProject
Project("{8BC9CEB8-8B4A-11D0-8D11-00A0C91BC942}") = "10st", "10st\10st.vcxproj", "{20E06FED-D204-4513-8158-84C6CBCC83A8}"
EndProject
Project("{8BC9CEB8-8B4A-11D0-8D11-00A0C91BC942}") = "6st", "6st\6st.vcxproj", "{43A7B158-2F27-47AA-A711-9365A113A5CD}"
EndProject
Project("{8BC9CEB8-8B4A-11D0-8D11-00A0C91BC942}") = "3th", "3th\3th.vcxproj", "{B8F5EB2B-C4DD-49BE-8105-81FB96A7C133}"
EndProject
Project("{8BC9CEB8-8B4A-11D0-8D11-00A0C91BC942}") = "12st", "12st\12st.vcxproj", "{BCDA10DC-1299-4926-B21C-E22488A6B900}"
EndProject
Global
	GlobalSection(SolutionConfigurationPlatforms) = preSolution
		Debug|x64 = Debug|x64
		Debug|x86 = Debug|x86
		Release|x64 = Release|x64
		Release|x86 = Release|x86
	EndGlobalSection
	GlobalSection(ProjectConfigurationPlatforms) = postSolution
		{86D3356E-E210-4781-A2BB-38FD8B073894}.Debug|x64.ActiveCfg = Debug|x64
		{86D3356E-E210-4781-A2BB-38FD8B073894}.Debug|x64.Build.0 = Debug|x64
		{86D3356E-E210-4781-A2BB-38FD8B073894}.Debug|x86.ActiveCfg = Debug|Win32
		{86D3356E-E210-4781-A2BB-38FD8B073894}.Debug|x86.Build.0 = Debug|Win32
		{86D3356E-E210-4781-A2BB-38FD8B073894}.Release|x64.ActiveCfg = Release|x64
		{86D3356E-E210-4781-A2BB-38FD8B073894}.Release|x64.Build.0 = Release|x64
		{86D3356E-E210-4781-A2BB-38FD8B073894}.Release|x86.ActiveCfg = Release|Win32
		{86D3356E-E210-4781-A2BB-38FD8B073894}.Release|x86.Build.0 = Release|Win32
		{20E06FED-D204-4513-8158-84C6CBCC83A8}.Debug|x64.ActiveCfg = Debug|x64
		{20E06FED-D204-4513-8158-84C6CBCC83A8}.Debug|x64.Build.0 = Debug|x64
		{20E06FED-D204-4513-8158-84C6CBCC83A8}.Debug|x86.ActiveCfg = Debug|Win32
		{20E06FED-D204-4513-8158-84C6CBCC83A8}.Debug|x86.Build.0 = Debug|Win32
		{20E06FED-D204-4513-8158-84C6CBCC83A8}.Release|x64.ActiveCfg = Release|x64
		{20E06FED-D204-4513-8158-84C6CBCC83A8}.Release|x64.Build.0 = Release|x64
		{20E06FED-D204-4513-8158-84C6CBCC83A8}.Release|x86.ActiveCfg = Release|Win32
		{20E06FED-D204-4513-8158-84C6CBCC83A8}.Release|x86.Build.0 = Release|Win32
		{43A7B158-2F27-47AA-A711-9365A113A5CD}.Debug|x64.ActiveCfg = Debug|x64
		{43A7B158-2F27-47AA-A711-9365A113A5CD}.Debug|x64.Build.0 = Debug|x64
		{43A7B158-2F27-47AA-A711-9365A113A5CD}.Debug|x86.ActiveCfg = Debug|Win32
		{43A7B158-2F27-47AA-A711-9365A113A5CD}.Debug|x86.Build.0 = Debug|Win32
		{43A7B158-2F27-47AA-A711-9365A113A5CD}.Release|x64.ActiveCfg = Release|x64
		{43A7B158-2F27-47AA-A711-9365A113A5CD}.Release|x64.Build.0 = Release|x64
		{43A7B158-2F27-47AA-A711-9365A113A5CD}.Release|x86.ActiveCfg = Release|Win32
		{43A7B158-2F27-47AA-A711-9365A113A5CD}.Release|x86.Build.0 = Release|Win32
		{B8F5EB2B-C4DD-49BE-8105-81FB96A7C133}.Debug|x64.ActiveCfg = Debug|x64
		{B8F5EB2B-C4DD-49BE-8105-81FB96A7C133}.Debug|x64.Build.0 = Debug|x64
		{B8F5EB2B-C4DD-49BE-8105-81FB96A7C133}.Debug|x86.ActiveCfg = Debug|Win32
		{B8F5EB2B-C4DD-49BE-8105-81FB96A7C133}.Debug|x86.Build.0 = Debug|Win32
		{B8F5EB2B-C4DD-49BE-8105-81FB96A7C133}.Release|x64.ActiveCfg = Release|x64
		{B8F5EB2B-C4DD-49BE-8105-81FB96A7C133}.Release|x64.Build.0 = Release|x64
		{B8F5EB2B-C4DD-49BE-8105-81FB96A7C133}.Release|x86.ActiveCfg = Release|Win32
		{B8F5EB2B-C4DD-49BE-8105-81FB96A7C133}.Release|x86.Build.0 = Release|Win32
		{BCDA10DC-1299-4926-B21C-E22488A6B900}.Debug|x64.ActiveCfg = Debug|x64
		{BCDA10DC-1299-4926-B21C-E22488A6B900}.Debug|x64.Build.0 = Debug|x64
		{BCDA10DC-1299-4926-B21C-E22488A6B900}.Debug|x86.ActiveCfg = Debug|Win32
		{BCDA10DC-1299-4926-B21C-E22488A6B900}.Debug|x86.Build.0 = Debug|Win32
		{BCDA10DC-1299-4926-B21C-E22488A6B900}.Release|x64.ActiveCfg = Release|x64
		{BCDA10DC-1299-4926-B21C-E22488A6B900}.Release|x64.Build.0 = Release|x64
		{BCDA10DC-1299-4926-B21C-E22488A6B900}.Release|x86.ActiveCfg = Release|Win32
		{BCDA10DC-1299-4926-B21C-E22488A6B900}.Release|x86.Build.0 = Release|Win32
	EndGlobalSection
	GlobalSection(SolutionProperties) = preSolution
		HideSolutionNode = FALSE
	EndGlobalSection
	GlobalSection(ExtensibilityGlobals) = postSolution
		SolutionGuid = {55EE01FE-37D5-4FCD-8AB5-53E1A53A670A}
	EndGlobalSection
EndGlobal
